
Microsoft Visual Studio Solution File, Format Version 12.00
# Visual Studio 2012
Project("{FAE04EC0-301F-11D3-BF4B-00C04F79EFBC}") = "DartApp", "DartApp\DartApp.csproj", "{1398F526-11A5-4B79-B069-BF0EEE63C5BE}"
EndProject
Project("{FAE04EC0-301F-11D3-BF4B-00C04F79EFBC}") = "DartApp_UnitTests", "DartApp_UnitTests\DartApp_UnitTests.csproj", "{D0B9DBAC-2063-4D27-8033-F6201511275E}"
EndProject
Project("{FAE04EC0-301F-11D3-BF4B-00C04F79EFBC}") = "DataBaseInitializer", "DataBaseInitializer\DataBaseInitializer.csproj", "{42632621-0D74-4668-A943-ADCEAB81600B}"
EndProject
Project("{FAE04EC0-301F-11D3-BF4B-00C04F79EFBC}") = "DartApp.CommandServices", "DartApp.CommandServices\DartApp.CommandServices.csproj", "{800A89BF-C561-41A6-8F61-591AA5DF8449}"
EndProject
Project("{FAE04EC0-301F-11D3-BF4B-00C04F79EFBC}") = "DartApp.Services", "DartApp.Services\DartApp.Services.csproj", "{60187009-D8A1-4D7A-B5B7-9C8BC92E1E4A}"
EndProject
Project("{FAE04EC0-301F-11D3-BF4B-00C04F79EFBC}") = "DartApp.Models", "DartApp.Models\DartApp.Models.csproj", "{AE84B79D-90C8-42EC-A34B-E7CEF891FD58}"
EndProject
Project("{FAE04EC0-301F-11D3-BF4B-00C04F79EFBC}") = "DartApp.Database", "DartApp.Database\DartApp.Database.csproj", "{0F805B08-4626-4D8F-91E7-FC034F5F90DB}"
EndProject
Project("{FAE04EC0-301F-11D3-BF4B-00C04F79EFBC}") = "DartApp.QueryService", "DartApp.QueryService\DartApp.QueryService.csproj", "{D2D66704-56A4-47C9-BC50-665D24D8C0CC}"
EndProject
Global
	GlobalSection(SolutionConfigurationPlatforms) = preSolution
		Debug|Any CPU = Debug|Any CPU
		Release|Any CPU = Release|Any CPU
	EndGlobalSection
	GlobalSection(ProjectConfigurationPlatforms) = postSolution
		{1398F526-11A5-4B79-B069-BF0EEE63C5BE}.Debug|Any CPU.ActiveCfg = Debug|Any CPU
		{1398F526-11A5-4B79-B069-BF0EEE63C5BE}.Debug|Any CPU.Build.0 = Debug|Any CPU
		{1398F526-11A5-4B79-B069-BF0EEE63C5BE}.Release|Any CPU.ActiveCfg = Release|Any CPU
		{1398F526-11A5-4B79-B069-BF0EEE63C5BE}.Release|Any CPU.Build.0 = Release|Any CPU
		{D0B9DBAC-2063-4D27-8033-F6201511275E}.Debug|Any CPU.ActiveCfg = Debug|Any CPU
		{D0B9DBAC-2063-4D27-8033-F6201511275E}.Debug|Any CPU.Build.0 = Debug|Any CPU
		{D0B9DBAC-2063-4D27-8033-F6201511275E}.Release|Any CPU.ActiveCfg = Release|Any CPU
		{D0B9DBAC-2063-4D27-8033-F6201511275E}.Release|Any CPU.Build.0 = Release|Any CPU
		{42632621-0D74-4668-A943-ADCEAB81600B}.Debug|Any CPU.ActiveCfg = Debug|Any CPU
		{42632621-0D74-4668-A943-ADCEAB81600B}.Debug|Any CPU.Build.0 = Debug|Any CPU
		{42632621-0D74-4668-A943-ADCEAB81600B}.Release|Any CPU.ActiveCfg = Release|Any CPU
		{42632621-0D74-4668-A943-ADCEAB81600B}.Release|Any CPU.Build.0 = Release|Any CPU
		{800A89BF-C561-41A6-8F61-591AA5DF8449}.Debug|Any CPU.ActiveCfg = Debug|Any CPU
		{800A89BF-C561-41A6-8F61-591AA5DF8449}.Debug|Any CPU.Build.0 = Debug|Any CPU
		{800A89BF-C561-41A6-8F61-591AA5DF8449}.Release|Any CPU.ActiveCfg = Release|Any CPU
		{800A89BF-C561-41A6-8F61-591AA5DF8449}.Release|Any CPU.Build.0 = Release|Any CPU
		{60187009-D8A1-4D7A-B5B7-9C8BC92E1E4A}.Debug|Any CPU.ActiveCfg = Debug|Any CPU
		{60187009-D8A1-4D7A-B5B7-9C8BC92E1E4A}.Debug|Any CPU.Build.0 = Debug|Any CPU
		{60187009-D8A1-4D7A-B5B7-9C8BC92E1E4A}.Release|Any CPU.ActiveCfg = Release|Any CPU
		{60187009-D8A1-4D7A-B5B7-9C8BC92E1E4A}.Release|Any CPU.Build.0 = Release|Any CPU
		{AE84B79D-90C8-42EC-A34B-E7CEF891FD58}.Debug|Any CPU.ActiveCfg = Debug|Any CPU
		{AE84B79D-90C8-42EC-A34B-E7CEF891FD58}.Debug|Any CPU.Build.0 = Debug|Any CPU
		{AE84B79D-90C8-42EC-A34B-E7CEF891FD58}.Release|Any CPU.ActiveCfg = Release|Any CPU
		{AE84B79D-90C8-42EC-A34B-E7CEF891FD58}.Release|Any CPU.Build.0 = Release|Any CPU
		{0F805B08-4626-4D8F-91E7-FC034F5F90DB}.Debug|Any CPU.ActiveCfg = Debug|Any CPU
		{0F805B08-4626-4D8F-91E7-FC034F5F90DB}.Debug|Any CPU.Build.0 = Debug|Any CPU
		{0F805B08-4626-4D8F-91E7-FC034F5F90DB}.Release|Any CPU.ActiveCfg = Release|Any CPU
		{0F805B08-4626-4D8F-91E7-FC034F5F90DB}.Release|Any CPU.Build.0 = Release|Any CPU
		{D2D66704-56A4-47C9-BC50-665D24D8C0CC}.Debug|Any CPU.ActiveCfg = Debug|Any CPU
		{D2D66704-56A4-47C9-BC50-665D24D8C0CC}.Debug|Any CPU.Build.0 = Debug|Any CPU
		{D2D66704-56A4-47C9-BC50-665D24D8C0CC}.Release|Any CPU.ActiveCfg = Release|Any CPU
		{D2D66704-56A4-47C9-BC50-665D24D8C0CC}.Release|Any CPU.Build.0 = Release|Any CPU
	EndGlobalSection
	GlobalSection(SolutionProperties) = preSolution
		HideSolutionNode = FALSE
	EndGlobalSection
EndGlobal
