
Microsoft Visual Studio Solution File, Format Version 12.00
# Visual Studio 14
VisualStudioVersion = 14.0.24720.0
MinimumVisualStudioVersion = 10.0.40219.1
Project("{FAE04EC0-301F-11D3-BF4B-00C04F79EFBC}") = "DartApp", "DartApp\DartApp.csproj", "{1398F526-11A5-4B79-B069-BF0EEE63C5BE}"
EndProject
Project("{FAE04EC0-301F-11D3-BF4B-00C04F79EFBC}") = "DartApp_UnitTests", "DartApp_UnitTests\DartApp_UnitTests.csproj", "{D0B9DBAC-2063-4D27-8033-F6201511275E}"
EndProject
Project("{FAE04EC0-301F-11D3-BF4B-00C04F79EFBC}") = "DataBaseInitializer", "DataBaseInitializer\DataBaseInitializer.csproj", "{42632621-0D74-4668-A943-ADCEAB81600B}"
EndProject
Global
	GlobalSection(SolutionConfigurationPlatforms) = preSolution
		Debug|Any CPU = Debug|Any CPU
		Release|Any CPU = Release|Any CPU
	EndGlobalSection
	GlobalSection(ProjectConfigurationPlatforms) = postSolution
		{1398F526-11A5-4B79-B069-BF0EEE63C5BE}.Debug|Any CPU.ActiveCfg = Debug|Any CPU
		{1398F526-11A5-4B79-B069-BF0EEE63C5BE}.Debug|Any CPU.Build.0 = Debug|Any CPU
		{1398F526-11A5-4B79-B069-BF0EEE63C5BE}.Release|Any CPU.ActiveCfg = Release|Any CPU
		{1398F526-11A5-4B79-B069-BF0EEE63C5BE}.Release|Any CPU.Build.0 = Release|Any CPU
		{D0B9DBAC-2063-4D27-8033-F6201511275E}.Debug|Any CPU.ActiveCfg = Debug|Any CPU
		{D0B9DBAC-2063-4D27-8033-F6201511275E}.Debug|Any CPU.Build.0 = Debug|Any CPU
		{D0B9DBAC-2063-4D27-8033-F6201511275E}.Release|Any CPU.ActiveCfg = Release|Any CPU
		{D0B9DBAC-2063-4D27-8033-F6201511275E}.Release|Any CPU.Build.0 = Release|Any CPU
		{42632621-0D74-4668-A943-ADCEAB81600B}.Debug|Any CPU.ActiveCfg = Debug|Any CPU
		{42632621-0D74-4668-A943-ADCEAB81600B}.Debug|Any CPU.Build.0 = Debug|Any CPU
		{42632621-0D74-4668-A943-ADCEAB81600B}.Release|Any CPU.ActiveCfg = Release|Any CPU
		{42632621-0D74-4668-A943-ADCEAB81600B}.Release|Any CPU.Build.0 = Release|Any CPU
	EndGlobalSection
	GlobalSection(SolutionProperties) = preSolution
		HideSolutionNode = FALSE
	EndGlobalSection
EndGlobal
